
Microsoft Visual Studio Solution File, Format Version 12.00
# Visual Studio 15
Project("{FAE04EC0-301F-11D3-BF4B-00C04F79EFBC}") = "CLVRtoolkit", "CLVRtoolkit.csproj", "{A760A5CB-F737-D01A-0DE2-543CAD2A6388}"
EndProject
Project("{FAE04EC0-301F-11D3-BF4B-00C04F79EFBC}") = "CLVRtoolkit.Editor", "CLVRtoolkit.Editor.csproj", "{6038EBD5-9C34-D1A7-84DA-CE97BF462BE1}"
EndProject
Global
	GlobalSection(SolutionConfigurationPlatforms) = preSolution
		Debug|Any CPU = Debug|Any CPU
		Release|Any CPU = Release|Any CPU
	EndGlobalSection
	GlobalSection(ProjectConfigurationPlatforms) = postSolution
		{A760A5CB-F737-D01A-0DE2-543CAD2A6388}.Debug|Any CPU.ActiveCfg = Debug|Any CPU
		{A760A5CB-F737-D01A-0DE2-543CAD2A6388}.Debug|Any CPU.Build.0 = Debug|Any CPU
		{A760A5CB-F737-D01A-0DE2-543CAD2A6388}.Release|Any CPU.ActiveCfg = Release|Any CPU
		{A760A5CB-F737-D01A-0DE2-543CAD2A6388}.Release|Any CPU.Build.0 = Release|Any CPU
		{6038EBD5-9C34-D1A7-84DA-CE97BF462BE1}.Debug|Any CPU.ActiveCfg = Debug|Any CPU
		{6038EBD5-9C34-D1A7-84DA-CE97BF462BE1}.Debug|Any CPU.Build.0 = Debug|Any CPU
		{6038EBD5-9C34-D1A7-84DA-CE97BF462BE1}.Release|Any CPU.ActiveCfg = Release|Any CPU
		{6038EBD5-9C34-D1A7-84DA-CE97BF462BE1}.Release|Any CPU.Build.0 = Release|Any CPU
	EndGlobalSection
	GlobalSection(SolutionProperties) = preSolution
		HideSolutionNode = FALSE
	EndGlobalSection
EndGlobal
